
Microsoft Visual Studio Solution File, Format Version 12.00
# Visual Studio Version 16
VisualStudioVersion = 16.0.30011.22
MinimumVisualStudioVersion = 10.0.40219.1
Project("{FAE04EC0-301F-11D3-BF4B-00C04F79EFBC}") = "Neo4jsTest", "Neo4jsTest\Neo4jsTest.csproj", "{1ABD6EA0-9CF1-45F2-9122-D49FDE7A7D1E}"
EndProject
Global
	GlobalSection(SolutionConfigurationPlatforms) = preSolution
		Debug|Any CPU = Debug|Any CPU
		Release|Any CPU = Release|Any CPU
	EndGlobalSection
	GlobalSection(ProjectConfigurationPlatforms) = postSolution
		{1ABD6EA0-9CF1-45F2-9122-D49FDE7A7D1E}.Debug|Any CPU.ActiveCfg = Debug|Any CPU
		{1ABD6EA0-9CF1-45F2-9122-D49FDE7A7D1E}.Debug|Any CPU.Build.0 = Debug|Any CPU
		{1ABD6EA0-9CF1-45F2-9122-D49FDE7A7D1E}.Release|Any CPU.ActiveCfg = Release|Any CPU
		{1ABD6EA0-9CF1-45F2-9122-D49FDE7A7D1E}.Release|Any CPU.Build.0 = Release|Any CPU
	EndGlobalSection
	GlobalSection(SolutionProperties) = preSolution
		HideSolutionNode = FALSE
	EndGlobalSection
	GlobalSection(ExtensibilityGlobals) = postSolution
		SolutionGuid = {F549723C-21F8-4470-9E7A-8A06B6771E83}
	EndGlobalSection
EndGlobal
